// !$*UTF8*$!
{
	archiveVersion = 1;
	classes = {
	};
	objectVersion = 46;
	objects = {

/* Begin PBXBuildFile section */
		ED76D8D11E749177009871A1 /* Interface.storyboard in Resources */ = {isa = PBXBuildFile; fileRef = ED76D8CF1E749177009871A1 /* Interface.storyboard */; };
		ED76D8D31E749177009871A1 /* Assets.xcassets in Resources */ = {isa = PBXBuildFile; fileRef = ED76D8D21E749177009871A1 /* Assets.xcassets */; };
		ED76D8DA1E749177009871A1 /* 10000Steps WatchkitApp Extension.appex in Embed App Extensions */ = {isa = PBXBuildFile; fileRef = ED76D8D91E749177009871A1 /* 10000Steps WatchkitApp Extension.appex */; settings = {ATTRIBUTES = (RemoveHeadersOnCopy, ); }; };
		ED76D8E11E749177009871A1 /* InterfaceController.swift in Sources */ = {isa = PBXBuildFile; fileRef = ED76D8E01E749177009871A1 /* InterfaceController.swift */; };
		ED76D8E31E749177009871A1 /* ExtensionDelegate.swift in Sources */ = {isa = PBXBuildFile; fileRef = ED76D8E21E749177009871A1 /* ExtensionDelegate.swift */; };
		ED76D8E51E749177009871A1 /* NotificationController.swift in Sources */ = {isa = PBXBuildFile; fileRef = ED76D8E41E749177009871A1 /* NotificationController.swift */; };
		ED76D8E71E749177009871A1 /* ComplicationController.swift in Sources */ = {isa = PBXBuildFile; fileRef = ED76D8E61E749177009871A1 /* ComplicationController.swift */; };
		ED76D8E91E749177009871A1 /* Assets.xcassets in Resources */ = {isa = PBXBuildFile; fileRef = ED76D8E81E749177009871A1 /* Assets.xcassets */; };
		ED76D8ED1E749177009871A1 /* 10000Steps WatchkitApp.app in Embed Watch Content */ = {isa = PBXBuildFile; fileRef = ED76D8CD1E749177009871A1 /* 10000Steps WatchkitApp.app */; };
		EDBC11A11E737B2500AEA487 /* AppDelegate.swift in Sources */ = {isa = PBXBuildFile; fileRef = EDBC11A01E737B2500AEA487 /* AppDelegate.swift */; };
		EDBC11A31E737B2500AEA487 /* ViewController.swift in Sources */ = {isa = PBXBuildFile; fileRef = EDBC11A21E737B2500AEA487 /* ViewController.swift */; };
		EDBC11A61E737B2500AEA487 /* Main.storyboard in Resources */ = {isa = PBXBuildFile; fileRef = EDBC11A41E737B2500AEA487 /* Main.storyboard */; };
		EDBC11A81E737B2500AEA487 /* Assets.xcassets in Resources */ = {isa = PBXBuildFile; fileRef = EDBC11A71E737B2500AEA487 /* Assets.xcassets */; };
		EDBC11AB1E737B2500AEA487 /* LaunchScreen.storyboard in Resources */ = {isa = PBXBuildFile; fileRef = EDBC11A91E737B2500AEA487 /* LaunchScreen.storyboard */; };
/* End PBXBuildFile section */

/* Begin PBXContainerItemProxy section */
		ED76D8DB1E749177009871A1 /* PBXContainerItemProxy */ = {
			isa = PBXContainerItemProxy;
			containerPortal = EDBC11951E737B2500AEA487 /* Project object */;
			proxyType = 1;
			remoteGlobalIDString = ED76D8D81E749177009871A1;
			remoteInfo = "10000Steps WatchkitApp Extension";
		};
		ED76D8EB1E749177009871A1 /* PBXContainerItemProxy */ = {
			isa = PBXContainerItemProxy;
			containerPortal = EDBC11951E737B2500AEA487 /* Project object */;
			proxyType = 1;
			remoteGlobalIDString = ED76D8CC1E749177009871A1;
			remoteInfo = "10000Steps WatchkitApp";
		};
/* End PBXContainerItemProxy section */

/* Begin PBXCopyFilesBuildPhase section */
		ED76D8F11E749177009871A1 /* Embed App Extensions */ = {
			isa = PBXCopyFilesBuildPhase;
			buildActionMask = 2147483647;
			dstPath = "";
			dstSubfolderSpec = 13;
			files = (
				ED76D8DA1E749177009871A1 /* 10000Steps WatchkitApp Extension.appex in Embed App Extensions */,
			);
			name = "Embed App Extensions";
			runOnlyForDeploymentPostprocessing = 0;
		};
		ED76D8F51E749177009871A1 /* Embed Watch Content */ = {
			isa = PBXCopyFilesBuildPhase;
			buildActionMask = 2147483647;
			dstPath = "$(CONTENTS_FOLDER_PATH)/Watch";
			dstSubfolderSpec = 16;
			files = (
				ED76D8ED1E749177009871A1 /* 10000Steps WatchkitApp.app in Embed Watch Content */,
			);
			name = "Embed Watch Content";
			runOnlyForDeploymentPostprocessing = 0;
		};
/* End PBXCopyFilesBuildPhase section */

/* Begin PBXFileReference section */
		ED76D8CD1E749177009871A1 /* 10000Steps WatchkitApp.app */ = {isa = PBXFileReference; explicitFileType = wrapper.application; includeInIndex = 0; path = "10000Steps WatchkitApp.app"; sourceTree = BUILT_PRODUCTS_DIR; };
		ED76D8D01E749177009871A1 /* Base */ = {isa = PBXFileReference; lastKnownFileType = file.storyboard; name = Base; path = Base.lproj/Interface.storyboard; sourceTree = "<group>"; };
		ED76D8D21E749177009871A1 /* Assets.xcassets */ = {isa = PBXFileReference; lastKnownFileType = folder.assetcatalog; path = Assets.xcassets; sourceTree = "<group>"; };
		ED76D8D41E749177009871A1 /* Info.plist */ = {isa = PBXFileReference; lastKnownFileType = text.plist.xml; path = Info.plist; sourceTree = "<group>"; };
		ED76D8D91E749177009871A1 /* 10000Steps WatchkitApp Extension.appex */ = {isa = PBXFileReference; explicitFileType = "wrapper.app-extension"; includeInIndex = 0; path = "10000Steps WatchkitApp Extension.appex"; sourceTree = BUILT_PRODUCTS_DIR; };
		ED76D8DF1E749177009871A1 /* PushNotificationPayload.apns */ = {isa = PBXFileReference; lastKnownFileType = text; path = PushNotificationPayload.apns; sourceTree = "<group>"; };
		ED76D8E01E749177009871A1 /* InterfaceController.swift */ = {isa = PBXFileReference; lastKnownFileType = sourcecode.swift; path = InterfaceController.swift; sourceTree = "<group>"; };
		ED76D8E21E749177009871A1 /* ExtensionDelegate.swift */ = {isa = PBXFileReference; lastKnownFileType = sourcecode.swift; path = ExtensionDelegate.swift; sourceTree = "<group>"; };
		ED76D8E41E749177009871A1 /* NotificationController.swift */ = {isa = PBXFileReference; lastKnownFileType = sourcecode.swift; path = NotificationController.swift; sourceTree = "<group>"; };
		ED76D8E61E749177009871A1 /* ComplicationController.swift */ = {isa = PBXFileReference; lastKnownFileType = sourcecode.swift; path = ComplicationController.swift; sourceTree = "<group>"; };
		ED76D8E81E749177009871A1 /* Assets.xcassets */ = {isa = PBXFileReference; lastKnownFileType = folder.assetcatalog; path = Assets.xcassets; sourceTree = "<group>"; };
		ED76D8EA1E749177009871A1 /* Info.plist */ = {isa = PBXFileReference; lastKnownFileType = text.plist.xml; path = Info.plist; sourceTree = "<group>"; };
		EDBC119D1E737B2500AEA487 /* 10000Steps.app */ = {isa = PBXFileReference; explicitFileType = wrapper.application; includeInIndex = 0; path = 10000Steps.app; sourceTree = BUILT_PRODUCTS_DIR; };
		EDBC11A01E737B2500AEA487 /* AppDelegate.swift */ = {isa = PBXFileReference; lastKnownFileType = sourcecode.swift; path = AppDelegate.swift; sourceTree = "<group>"; };
		EDBC11A21E737B2500AEA487 /* ViewController.swift */ = {isa = PBXFileReference; lastKnownFileType = sourcecode.swift; path = ViewController.swift; sourceTree = "<group>"; };
		EDBC11A51E737B2500AEA487 /* Base */ = {isa = PBXFileReference; lastKnownFileType = file.storyboard; name = Base; path = Base.lproj/Main.storyboard; sourceTree = "<group>"; };
		EDBC11A71E737B2500AEA487 /* Assets.xcassets */ = {isa = PBXFileReference; lastKnownFileType = folder.assetcatalog; path = Assets.xcassets; sourceTree = "<group>"; };
		EDBC11AA1E737B2500AEA487 /* Base */ = {isa = PBXFileReference; lastKnownFileType = file.storyboard; name = Base; path = Base.lproj/LaunchScreen.storyboard; sourceTree = "<group>"; };
		EDBC11AC1E737B2500AEA487 /* Info.plist */ = {isa = PBXFileReference; lastKnownFileType = text.plist.xml; path = Info.plist; sourceTree = "<group>"; };
/* End PBXFileReference section */

/* Begin PBXFrameworksBuildPhase section */
		ED76D8D61E749177009871A1 /* Frameworks */ = {
			isa = PBXFrameworksBuildPhase;
			buildActionMask = 2147483647;
			files = (
			);
			runOnlyForDeploymentPostprocessing = 0;
		};
		EDBC119A1E737B2500AEA487 /* Frameworks */ = {
			isa = PBXFrameworksBuildPhase;
			buildActionMask = 2147483647;
			files = (
			);
			runOnlyForDeploymentPostprocessing = 0;
		};
/* End PBXFrameworksBuildPhase section */

/* Begin PBXGroup section */
		ED76D8CE1E749177009871A1 /* 10000Steps WatchkitApp */ = {
			isa = PBXGroup;
			children = (
				ED76D8CF1E749177009871A1 /* Interface.storyboard */,
				ED76D8D21E749177009871A1 /* Assets.xcassets */,
				ED76D8D41E749177009871A1 /* Info.plist */,
			);
			path = "10000Steps WatchkitApp";
			sourceTree = "<group>";
		};
		ED76D8DD1E749177009871A1 /* 10000Steps WatchkitApp Extension */ = {
			isa = PBXGroup;
			children = (
				ED76D8E01E749177009871A1 /* InterfaceController.swift */,
				ED76D8E21E749177009871A1 /* ExtensionDelegate.swift */,
				ED76D8E41E749177009871A1 /* NotificationController.swift */,
				ED76D8E61E749177009871A1 /* ComplicationController.swift */,
				ED76D8E81E749177009871A1 /* Assets.xcassets */,
				ED76D8EA1E749177009871A1 /* Info.plist */,
				ED76D8DE1E749177009871A1 /* Supporting Files */,
			);
			path = "10000Steps WatchkitApp Extension";
			sourceTree = "<group>";
		};
		ED76D8DE1E749177009871A1 /* Supporting Files */ = {
			isa = PBXGroup;
			children = (
				ED76D8DF1E749177009871A1 /* PushNotificationPayload.apns */,
			);
			name = "Supporting Files";
			sourceTree = "<group>";
		};
		EDBC11941E737B2500AEA487 = {
			isa = PBXGroup;
			children = (
				EDBC119F1E737B2500AEA487 /* 10000Steps */,
				ED76D8CE1E749177009871A1 /* 10000Steps WatchkitApp */,
				ED76D8DD1E749177009871A1 /* 10000Steps WatchkitApp Extension */,
				EDBC119E1E737B2500AEA487 /* Products */,
			);
			sourceTree = "<group>";
		};
		EDBC119E1E737B2500AEA487 /* Products */ = {
			isa = PBXGroup;
			children = (
				EDBC119D1E737B2500AEA487 /* 10000Steps.app */,
				ED76D8CD1E749177009871A1 /* 10000Steps WatchkitApp.app */,
				ED76D8D91E749177009871A1 /* 10000Steps WatchkitApp Extension.appex */,
			);
			name = Products;
			sourceTree = "<group>";
		};
		EDBC119F1E737B2500AEA487 /* 10000Steps */ = {
			isa = PBXGroup;
			children = (
				EDBC11A01E737B2500AEA487 /* AppDelegate.swift */,
				EDBC11A21E737B2500AEA487 /* ViewController.swift */,
				EDBC11A41E737B2500AEA487 /* Main.storyboard */,
				EDBC11A71E737B2500AEA487 /* Assets.xcassets */,
				EDBC11A91E737B2500AEA487 /* LaunchScreen.storyboard */,
				EDBC11AC1E737B2500AEA487 /* Info.plist */,
			);
			path = 10000Steps;
			sourceTree = "<group>";
		};
/* End PBXGroup section */

/* Begin PBXNativeTarget section */
		ED76D8CC1E749177009871A1 /* 10000Steps WatchkitApp */ = {
			isa = PBXNativeTarget;
			buildConfigurationList = ED76D8F21E749177009871A1 /* Build configuration list for PBXNativeTarget "10000Steps WatchkitApp" */;
			buildPhases = (
				ED76D8CB1E749177009871A1 /* Resources */,
				ED76D8F11E749177009871A1 /* Embed App Extensions */,
			);
			buildRules = (
			);
			dependencies = (
				ED76D8DC1E749177009871A1 /* PBXTargetDependency */,
			);
			name = "10000Steps WatchkitApp";
			productName = "10000Steps WatchkitApp";
			productReference = ED76D8CD1E749177009871A1 /* 10000Steps WatchkitApp.app */;
			productType = "com.apple.product-type.application.watchapp2";
		};
		ED76D8D81E749177009871A1 /* 10000Steps WatchkitApp Extension */ = {
			isa = PBXNativeTarget;
			buildConfigurationList = ED76D8EE1E749177009871A1 /* Build configuration list for PBXNativeTarget "10000Steps WatchkitApp Extension" */;
			buildPhases = (
				ED76D8D51E749177009871A1 /* Sources */,
				ED76D8D61E749177009871A1 /* Frameworks */,
				ED76D8D71E749177009871A1 /* Resources */,
			);
			buildRules = (
			);
			dependencies = (
			);
			name = "10000Steps WatchkitApp Extension";
			productName = "10000Steps WatchkitApp Extension";
			productReference = ED76D8D91E749177009871A1 /* 10000Steps WatchkitApp Extension.appex */;
			productType = "com.apple.product-type.watchkit2-extension";
		};
		EDBC119C1E737B2500AEA487 /* 10000Steps */ = {
			isa = PBXNativeTarget;
			buildConfigurationList = EDBC11AF1E737B2500AEA487 /* Build configuration list for PBXNativeTarget "10000Steps" */;
			buildPhases = (
				EDBC11991E737B2500AEA487 /* Sources */,
				EDBC119A1E737B2500AEA487 /* Frameworks */,
				EDBC119B1E737B2500AEA487 /* Resources */,
				ED76D8F51E749177009871A1 /* Embed Watch Content */,
			);
			buildRules = (
			);
			dependencies = (
				ED76D8EC1E749177009871A1 /* PBXTargetDependency */,
			);
			name = 10000Steps;
			productName = 10000Steps;
			productReference = EDBC119D1E737B2500AEA487 /* 10000Steps.app */;
			productType = "com.apple.product-type.application";
		};
/* End PBXNativeTarget section */

/* Begin PBXProject section */
		EDBC11951E737B2500AEA487 /* Project object */ = {
			isa = PBXProject;
			attributes = {
				LastSwiftUpdateCheck = 0820;
				LastUpgradeCheck = 0820;
				ORGANIZATIONNAME = "Erica Correa";
				TargetAttributes = {
					ED76D8CC1E749177009871A1 = {
						CreatedOnToolsVersion = 8.2.1;
						DevelopmentTeam = N4Z4DHHUE9;
						ProvisioningStyle = Automatic;
					};
					ED76D8D81E749177009871A1 = {
						CreatedOnToolsVersion = 8.2.1;
						DevelopmentTeam = N4Z4DHHUE9;
						ProvisioningStyle = Automatic;
					};
					EDBC119C1E737B2500AEA487 = {
						CreatedOnToolsVersion = 8.2.1;
						DevelopmentTeam = N4Z4DHHUE9;
						ProvisioningStyle = Automatic;
					};
				};
			};
			buildConfigurationList = EDBC11981E737B2500AEA487 /* Build configuration list for PBXProject "10000Steps" */;
			compatibilityVersion = "Xcode 3.2";
			developmentRegion = English;
			hasScannedForEncodings = 0;
			knownRegions = (
				en,
				Base,
			);
			mainGroup = EDBC11941E737B2500AEA487;
			productRefGroup = EDBC119E1E737B2500AEA487 /* Products */;
			projectDirPath = "";
			projectRoot = "";
			targets = (
				EDBC119C1E737B2500AEA487 /* 10000Steps */,
				ED76D8CC1E749177009871A1 /* 10000Steps WatchkitApp */,
				ED76D8D81E749177009871A1 /* 10000Steps WatchkitApp Extension */,
			);
		};
/* End PBXProject section */

/* Begin PBXResourcesBuildPhase section */
		ED76D8CB1E749177009871A1 /* Resources */ = {
			isa = PBXResourcesBuildPhase;
			buildActionMask = 2147483647;
			files = (
				ED76D8D31E749177009871A1 /* Assets.xcassets in Resources */,
				ED76D8D11E749177009871A1 /* Interface.storyboard in Resources */,
			);
			runOnlyForDeploymentPostprocessing = 0;
		};
		ED76D8D71E749177009871A1 /* Resources */ = {
			isa = PBXResourcesBuildPhase;
			buildActionMask = 2147483647;
			files = (
				ED76D8E91E749177009871A1 /* Assets.xcassets in Resources */,
			);
			runOnlyForDeploymentPostprocessing = 0;
		};
		EDBC119B1E737B2500AEA487 /* Resources */ = {
			isa = PBXResourcesBuildPhase;
			buildActionMask = 2147483647;
			files = (
				EDBC11AB1E737B2500AEA487 /* LaunchScreen.storyboard in Resources */,
				EDBC11A81E737B2500AEA487 /* Assets.xcassets in Resources */,
				EDBC11A61E737B2500AEA487 /* Main.storyboard in Resources */,
			);
			runOnlyForDeploymentPostprocessing = 0;
		};
/* End PBXResourcesBuildPhase section */

/* Begin PBXSourcesBuildPhase section */
		ED76D8D51E749177009871A1 /* Sources */ = {
			isa = PBXSourcesBuildPhase;
			buildActionMask = 2147483647;
			files = (
				ED76D8E51E749177009871A1 /* NotificationController.swift in Sources */,
				ED76D8E71E749177009871A1 /* ComplicationController.swift in Sources */,
				ED76D8E31E749177009871A1 /* ExtensionDelegate.swift in Sources */,
				ED76D8E11E749177009871A1 /* InterfaceController.swift in Sources */,
			);
			runOnlyForDeploymentPostprocessing = 0;
		};
		EDBC11991E737B2500AEA487 /* Sources */ = {
			isa = PBXSourcesBuildPhase;
			buildActionMask = 2147483647;
			files = (
				EDBC11A31E737B2500AEA487 /* ViewController.swift in Sources */,
				EDBC11A11E737B2500AEA487 /* AppDelegate.swift in Sources */,
			);
			runOnlyForDeploymentPostprocessing = 0;
		};
/* End PBXSourcesBuildPhase section */

/* Begin PBXTargetDependency section */
		ED76D8DC1E749177009871A1 /* PBXTargetDependency */ = {
			isa = PBXTargetDependency;
			target = ED76D8D81E749177009871A1 /* 10000Steps WatchkitApp Extension */;
			targetProxy = ED76D8DB1E749177009871A1 /* PBXContainerItemProxy */;
		};
		ED76D8EC1E749177009871A1 /* PBXTargetDependency */ = {
			isa = PBXTargetDependency;
			target = ED76D8CC1E749177009871A1 /* 10000Steps WatchkitApp */;
			targetProxy = ED76D8EB1E749177009871A1 /* PBXContainerItemProxy */;
		};
/* End PBXTargetDependency section */

/* Begin PBXVariantGroup section */
		ED76D8CF1E749177009871A1 /* Interface.storyboard */ = {
			isa = PBXVariantGroup;
			children = (
				ED76D8D01E749177009871A1 /* Base */,
			);
			name = Interface.storyboard;
			sourceTree = "<group>";
		};
		EDBC11A41E737B2500AEA487 /* Main.storyboard */ = {
			isa = PBXVariantGroup;
			children = (
				EDBC11A51E737B2500AEA487 /* Base */,
			);
			name = Main.storyboard;
			sourceTree = "<group>";
		};
		EDBC11A91E737B2500AEA487 /* LaunchScreen.storyboard */ = {
			isa = PBXVariantGroup;
			children = (
				EDBC11AA1E737B2500AEA487 /* Base */,
			);
			name = LaunchScreen.storyboard;
			sourceTree = "<group>";
		};
/* End PBXVariantGroup section */

/* Begin XCBuildConfiguration section */
		ED76D8EF1E749177009871A1 /* Debug */ = {
			isa = XCBuildConfiguration;
			buildSettings = {
				ASSETCATALOG_COMPILER_COMPLICATION_NAME = Complication;
				DEVELOPMENT_TEAM = N4Z4DHHUE9;
				INFOPLIST_FILE = "10000Steps WatchkitApp Extension/Info.plist";
				LD_RUNPATH_SEARCH_PATHS = "$(inherited) @executable_path/Frameworks @executable_path/../../Frameworks";
				PRODUCT_BUNDLE_IDENTIFIER = "Erica-Correa.-0000Steps.watchkitapp.watchkitextension";
				PRODUCT_NAME = "${TARGET_NAME}";
				SDKROOT = watchos;
				SKIP_INSTALL = YES;
				SWIFT_VERSION = 3.0;
				TARGETED_DEVICE_FAMILY = 4;
				WATCHOS_DEPLOYMENT_TARGET = 3.1;
			};
			name = Debug;
		};
		ED76D8F01E749177009871A1 /* Release */ = {
			isa = XCBuildConfiguration;
			buildSettings = {
				ASSETCATALOG_COMPILER_COMPLICATION_NAME = Complication;
				DEVELOPMENT_TEAM = N4Z4DHHUE9;
				INFOPLIST_FILE = "10000Steps WatchkitApp Extension/Info.plist";
				LD_RUNPATH_SEARCH_PATHS = "$(inherited) @executable_path/Frameworks @executable_path/../../Frameworks";
				PRODUCT_BUNDLE_IDENTIFIER = "Erica-Correa.-0000Steps.watchkitapp.watchkitextension";
				PRODUCT_NAME = "${TARGET_NAME}";
				SDKROOT = watchos;
				SKIP_INSTALL = YES;
				SWIFT_VERSION = 3.0;
				TARGETED_DEVICE_FAMILY = 4;
				WATCHOS_DEPLOYMENT_TARGET = 3.1;
			};
			name = Release;
		};
		ED76D8F31E749177009871A1 /* Debug */ = {
			isa = XCBuildConfiguration;
			buildSettings = {
				ALWAYS_EMBED_SWIFT_STANDARD_LIBRARIES = YES;
				ASSETCATALOG_COMPILER_APPICON_NAME = AppIcon;
				DEVELOPMENT_TEAM = N4Z4DHHUE9;
				IBSC_MODULE = _0000Steps_WatchkitApp_Extension;
				INFOPLIST_FILE = "10000Steps WatchkitApp/Info.plist";
				PRODUCT_BUNDLE_IDENTIFIER = "Erica-Correa.-0000Steps.watchkitapp";
				PRODUCT_NAME = "$(TARGET_NAME)";
				SDKROOT = watchos;
				SKIP_INSTALL = YES;
				SWIFT_VERSION = 3.0;
				TARGETED_DEVICE_FAMILY = 4;
				WATCHOS_DEPLOYMENT_TARGET = 3.1;
			};
			name = Debug;
		};
		ED76D8F41E749177009871A1 /* Release */ = {
			isa = XCBuildConfiguration;
			buildSettings = {
				ALWAYS_EMBED_SWIFT_STANDARD_LIBRARIES = YES;
				ASSETCATALOG_COMPILER_APPICON_NAME = AppIcon;
				DEVELOPMENT_TEAM = N4Z4DHHUE9;
				IBSC_MODULE = _0000Steps_WatchkitApp_Extension;
				INFOPLIST_FILE = "10000Steps WatchkitApp/Info.plist";
				PRODUCT_BUNDLE_IDENTIFIER = "Erica-Correa.-0000Steps.watchkitapp";
				PRODUCT_NAME = "$(TARGET_NAME)";
				SDKROOT = watchos;
				SKIP_INSTALL = YES;
				SWIFT_VERSION = 3.0;
				TARGETED_DEVICE_FAMILY = 4;
				WATCHOS_DEPLOYMENT_TARGET = 3.1;
			};
			name = Release;
		};
		EDBC11AD1E737B2500AEA487 /* Debug */ = {
			isa = XCBuildConfiguration;
			buildSettings = {
				ALWAYS_SEARCH_USER_PATHS = NO;
				CLANG_ANALYZER_NONNULL = YES;
				CLANG_CXX_LANGUAGE_STANDARD = "gnu++0x";
				CLANG_CXX_LIBRARY = "libc++";
				CLANG_ENABLE_MODULES = YES;
				CLANG_ENABLE_OBJC_ARC = YES;
				CLANG_WARN_BOOL_CONVERSION = YES;
				CLANG_WARN_CONSTANT_CONVERSION = YES;
				CLANG_WARN_DIRECT_OBJC_ISA_USAGE = YES_ERROR;
				CLANG_WARN_DOCUMENTATION_COMMENTS = YES;
				CLANG_WARN_EMPTY_BODY = YES;
				CLANG_WARN_ENUM_CONVERSION = YES;
				CLANG_WARN_INFINITE_RECURSION = YES;
				CLANG_WARN_INT_CONVERSION = YES;
				CLANG_WARN_OBJC_ROOT_CLASS = YES_ERROR;
				CLANG_WARN_SUSPICIOUS_MOVE = YES;
				CLANG_WARN_UNREACHABLE_CODE = YES;
				CLANG_WARN__DUPLICATE_METHOD_MATCH = YES;
				"CODE_SIGN_IDENTITY[sdk=iphoneos*]" = "iPhone Developer";
				COPY_PHASE_STRIP = NO;
				DEBUG_INFORMATION_FORMAT = dwarf;
				ENABLE_STRICT_OBJC_MSGSEND = YES;
				ENABLE_TESTABILITY = YES;
				GCC_C_LANGUAGE_STANDARD = gnu99;
				GCC_DYNAMIC_NO_PIC = NO;
				GCC_NO_COMMON_BLOCKS = YES;
				GCC_OPTIMIZATION_LEVEL = 0;
				GCC_PREPROCESSOR_DEFINITIONS = (
					"DEBUG=1",
					"$(inherited)",
				);
				GCC_WARN_64_TO_32_BIT_CONVERSION = YES;
				GCC_WARN_ABOUT_RETURN_TYPE = YES_ERROR;
				GCC_WARN_UNDECLARED_SELECTOR = YES;
				GCC_WARN_UNINITIALIZED_AUTOS = YES_AGGRESSIVE;
				GCC_WARN_UNUSED_FUNCTION = YES;
				GCC_WARN_UNUSED_VARIABLE = YES;
				IPHONEOS_DEPLOYMENT_TARGET = 10.2;
				MTL_ENABLE_DEBUG_INFO = YES;
				ONLY_ACTIVE_ARCH = YES;
				SDKROOT = iphoneos;
				SWIFT_ACTIVE_COMPILATION_CONDITIONS = DEBUG;
				SWIFT_OPTIMIZATION_LEVEL = "-Onone";
				TARGETED_DEVICE_FAMILY = "1,2";
			};
			name = Debug;
		};
		EDBC11AE1E737B2500AEA487 /* Release */ = {
			isa = XCBuildConfiguration;
			buildSettings = {
				ALWAYS_SEARCH_USER_PATHS = NO;
				CLANG_ANALYZER_NONNULL = YES;
				CLANG_CXX_LANGUAGE_STANDARD = "gnu++0x";
				CLANG_CXX_LIBRARY = "libc++";
				CLANG_ENABLE_MODULES = YES;
				CLANG_ENABLE_OBJC_ARC = YES;
				CLANG_WARN_BOOL_CONVERSION = YES;
				CLANG_WARN_CONSTANT_CONVERSION = YES;
				CLANG_WARN_DIRECT_OBJC_ISA_USAGE = YES_ERROR;
				CLANG_WARN_DOCUMENTATION_COMMENTS = YES;
				CLANG_WARN_EMPTY_BODY = YES;
				CLANG_WARN_ENUM_CONVERSION = YES;
				CLANG_WARN_INFINITE_RECURSION = YES;
				CLANG_WARN_INT_CONVERSION = YES;
				CLANG_WARN_OBJC_ROOT_CLASS = YES_ERROR;
				CLANG_WARN_SUSPICIOUS_MOVE = YES;
				CLANG_WARN_UNREACHABLE_CODE = YES;
				CLANG_WARN__DUPLICATE_METHOD_MATCH = YES;
				"CODE_SIGN_IDENTITY[sdk=iphoneos*]" = "iPhone Developer";
				COPY_PHASE_STRIP = NO;
				DEBUG_INFORMATION_FORMAT = "dwarf-with-dsym";
				ENABLE_NS_ASSERTIONS = NO;
				ENABLE_STRICT_OBJC_MSGSEND = YES;
				GCC_C_LANGUAGE_STANDARD = gnu99;
				GCC_NO_COMMON_BLOCKS = YES;
				GCC_WARN_64_TO_32_BIT_CONVERSION = YES;
				GCC_WARN_ABOUT_RETURN_TYPE = YES_ERROR;
				GCC_WARN_UNDECLARED_SELECTOR = YES;
				GCC_WARN_UNINITIALIZED_AUTOS = YES_AGGRESSIVE;
				GCC_WARN_UNUSED_FUNCTION = YES;
				GCC_WARN_UNUSED_VARIABLE = YES;
				IPHONEOS_DEPLOYMENT_TARGET = 10.2;
				MTL_ENABLE_DEBUG_INFO = NO;
				SDKROOT = iphoneos;
				SWIFT_OPTIMIZATION_LEVEL = "-Owholemodule";
				TARGETED_DEVICE_FAMILY = "1,2";
				VALIDATE_PRODUCT = YES;
			};
			name = Release;
		};
		EDBC11B01E737B2500AEA487 /* Debug */ = {
			isa = XCBuildConfiguration;
			buildSettings = {
				ASSETCATALOG_COMPILER_APPICON_NAME = AppIcon;
				DEVELOPMENT_TEAM = N4Z4DHHUE9;
				INFOPLIST_FILE = 10000Steps/Info.plist;
				LD_RUNPATH_SEARCH_PATHS = "$(inherited) @executable_path/Frameworks";
				PRODUCT_BUNDLE_IDENTIFIER = "Erica-Correa.-0000Steps";
				PRODUCT_NAME = "$(TARGET_NAME)";
				SWIFT_VERSION = 3.0;
			};
			name = Debug;
		};
		EDBC11B11E737B2500AEA487 /* Release */ = {
			isa = XCBuildConfiguration;
			buildSettings = {
				ASSETCATALOG_COMPILER_APPICON_NAME = AppIcon;
				DEVELOPMENT_TEAM = N4Z4DHHUE9;
				INFOPLIST_FILE = 10000Steps/Info.plist;
				LD_RUNPATH_SEARCH_PATHS = "$(inherited) @executable_path/Frameworks";
				PRODUCT_BUNDLE_IDENTIFIER = "Erica-Correa.-0000Steps";
				PRODUCT_NAME = "$(TARGET_NAME)";
				SWIFT_VERSION = 3.0;
			};
			name = Release;
		};
/* End XCBuildConfiguration section */

/* Begin XCConfigurationList section */
		ED76D8EE1E749177009871A1 /* Build configuration list for PBXNativeTarget "10000Steps WatchkitApp Extension" */ = {
			isa = XCConfigurationList;
			buildConfigurations = (
				ED76D8EF1E749177009871A1 /* Debug */,
				ED76D8F01E749177009871A1 /* Release */,
			);
			defaultConfigurationIsVisible = 0;
			defaultConfigurationName = Release;
		};
		ED76D8F21E749177009871A1 /* Build configuration list for PBXNativeTarget "10000Steps WatchkitApp" */ = {
			isa = XCConfigurationList;
			buildConfigurations = (
				ED76D8F31E749177009871A1 /* Debug */,
				ED76D8F41E749177009871A1 /* Release */,
			);
			defaultConfigurationIsVisible = 0;
			defaultConfigurationName = Release;
		};
		EDBC11981E737B2500AEA487 /* Build configuration list for PBXProject "10000Steps" */ = {
			isa = XCConfigurationList;
			buildConfigurations = (
				EDBC11AD1E737B2500AEA487 /* Debug */,
				EDBC11AE1E737B2500AEA487 /* Release */,
			);
			defaultConfigurationIsVisible = 0;
			defaultConfigurationName = Release;
		};
		EDBC11AF1E737B2500AEA487 /* Build configuration list for PBXNativeTarget "10000Steps" */ = {
			isa = XCConfigurationList;
			buildConfigurations = (
				EDBC11B01E737B2500AEA487 /* Debug */,
				EDBC11B11E737B2500AEA487 /* Release */,
			);
			defaultConfigurationIsVisible = 0;
			defaultConfigurationName = Release;
		};
/* End XCConfigurationList section */
	};
	rootObject = EDBC11951E737B2500AEA487 /* Project object */;
}
